
Microsoft Visual Studio Solution File, Format Version 12.00
# Visual Studio Version 17
VisualStudioVersion = 17.7.34031.279
MinimumVisualStudioVersion = 10.0.40219.1
Project("{FAE04EC0-301F-11D3-BF4B-00C04F79EFBC}") = "Laboratorio_No_5", "Laboratorio_No_5.csproj", "{B6057905-16EA-4C2E-A67D-57ADF3CEBC90}"
EndProject
Global
	GlobalSection(SolutionConfigurationPlatforms) = preSolution
		Debug|Any CPU = Debug|Any CPU
		Release|Any CPU = Release|Any CPU
	EndGlobalSection
	GlobalSection(ProjectConfigurationPlatforms) = postSolution
		{B6057905-16EA-4C2E-A67D-57ADF3CEBC90}.Debug|Any CPU.ActiveCfg = Debug|Any CPU
		{B6057905-16EA-4C2E-A67D-57ADF3CEBC90}.Debug|Any CPU.Build.0 = Debug|Any CPU
		{B6057905-16EA-4C2E-A67D-57ADF3CEBC90}.Release|Any CPU.ActiveCfg = Release|Any CPU
		{B6057905-16EA-4C2E-A67D-57ADF3CEBC90}.Release|Any CPU.Build.0 = Release|Any CPU
	EndGlobalSection
	GlobalSection(SolutionProperties) = preSolution
		HideSolutionNode = FALSE
	EndGlobalSection
	GlobalSection(ExtensibilityGlobals) = postSolution
		SolutionGuid = {E54BD952-84EE-4AE3-A885-E3274525E26C}
	EndGlobalSection
EndGlobal
